
Microsoft Visual Studio Solution File, Format Version 11.00
# Visual C# Express 2010
Project("{FAE04EC0-301F-11D3-BF4B-00C04F79EFBC}") = "Swarm", "Swarm\Swarm.csproj", "{7F49ED5B-CE25-479A-8201-E191052300B8}"
EndProject
Project("{FAE04EC0-301F-11D3-BF4B-00C04F79EFBC}") = "SwarmContent", "Swarm\Content\SwarmContent.contentproj", "{90B0E41C-83F9-4779-B65D-BA2392CA6DFF}"
EndProject
Global
	GlobalSection(SolutionConfigurationPlatforms) = preSolution
		Debug|x86 = Debug|x86
		Release|x86 = Release|x86
	EndGlobalSection
	GlobalSection(ProjectConfigurationPlatforms) = postSolution
		{7F49ED5B-CE25-479A-8201-E191052300B8}.Debug|x86.ActiveCfg = Debug|x86
		{7F49ED5B-CE25-479A-8201-E191052300B8}.Debug|x86.Build.0 = Debug|x86
		{7F49ED5B-CE25-479A-8201-E191052300B8}.Release|x86.ActiveCfg = Release|x86
		{7F49ED5B-CE25-479A-8201-E191052300B8}.Release|x86.Build.0 = Release|x86
		{90B0E41C-83F9-4779-B65D-BA2392CA6DFF}.Debug|x86.ActiveCfg = Debug|x86
		{90B0E41C-83F9-4779-B65D-BA2392CA6DFF}.Release|x86.ActiveCfg = Release|x86
	EndGlobalSection
	GlobalSection(SolutionProperties) = preSolution
		HideSolutionNode = FALSE
	EndGlobalSection
EndGlobal
